// !$*UTF8*$!
{
	archiveVersion = 1;
	classes = {
	};
	objectVersion = 110;
	objects = {

/* Begin PBXContainerItemProxy section */
		A11BE8213076707100BAC41D /* PBXContainerItemProxy */ = {
			isa = PBXContainerItemProxy;
			containerPortal = B18BE8003076706E00BAC41D /* Project object */;
			proxyType = 1;
			remoteGlobalIDString = B18BE8073076706E00BAC41D;
			remoteInfo = AssignmetTest;
		};
/* End PBXContainerItemProxy section */

/* Begin PBXFileReference section */
		A11BE8083076706E00BAC41D /* AssignmetTestTests.xctest */ = {isa = PBXFileReference; explicitFileType = wrapper.cfbundle; includeInIndex = 0; path = AssignmetTestTests.xctest; sourceTree = BUILT_PRODUCTS_DIR; };
		B18BE8083076706E00BAC41D /* AssignmetTest.app */ = {isa = PBXFileReference; explicitFileType = wrapper.application; includeInIndex = 0; path = AssignmetTest.app; sourceTree = BUILT_PRODUCTS_DIR; };
/* End PBXFileReference section */

/* Begin PBXFileSystemSynchronizedBuildFileExceptionSet section */
		B18BE81A3076707100BAC41D /* Exceptions for "AssignmetTest" folder in "AssignmetTest" target */ = {
			isa = PBXFileSystemSynchronizedBuildFileExceptionSet;
			membershipExceptions = (
				Info.plist,
			);
			target = B18BE8073076706E00BAC41D /* AssignmetTest */;
		};
/* End PBXFileSystemSynchronizedBuildFileExceptionSet section */

/* Begin PBXFileSystemSynchronizedRootGroup section */
		A11BE80A3076706E00BAC41D /* AssignmetTestTests */ = {
			isa = PBXFileSystemSynchronizedRootGroup;
			path = AssignmetTestTests;
			sourceTree = "<group>";
		};
		B18BE80A3076706E00BAC41D /* AssignmetTest */ = {
			isa = PBXFileSystemSynchronizedRootGroup;
			exceptions = (
				B18BE81A3076707100BAC41D /* Exceptions for "AssignmetTest" folder in "AssignmetTest" target */,
			);
			path = AssignmetTest;
			sourceTree = "<group>";
		};
/* End PBXFileSystemSynchronizedRootGroup section */

/* Begin PBXFrameworksBuildPhase section */
		A11BE8053076706E00BAC41D /* Frameworks */ = {
			isa = PBXFrameworksBuildPhase;
			files = (
			);
		};
		B18BE8053076706E00BAC41D /* Frameworks */ = {
			isa = PBXFrameworksBuildPhase;
			files = (
			);
		};
/* End PBXFrameworksBuildPhase section */

/* Begin PBXGroup section */
		B18BE7FF3076706E00BAC41D = {
			isa = PBXGroup;
			children = (
				B18BE80A3076706E00BAC41D /* AssignmetTest */,
				A11BE80A3076706E00BAC41D /* AssignmetTestTests */,
				B18BE8093076706E00BAC41D /* Products */,
			);
			sourceTree = "<group>";
		};
		B18BE8093076706E00BAC41D /* Products */ = {
			isa = PBXGroup;
			children = (
				B18BE8083076706E00BAC41D /* AssignmetTest.app */,
				A11BE8083076706E00BAC41D /* AssignmetTestTests.xctest */,
			);
			name = Products;
			sourceTree = "<group>";
		};
/* End PBXGroup section */

/* Begin PBXNativeTarget section */
		A11BE8073076706E00BAC41D /* AssignmetTestTests */ = {
			isa = PBXNativeTarget;
			buildConfigurationList = A11BE81B3076707100BAC41D /* Build configuration list for PBXNativeTarget "AssignmetTestTests" */;
			buildPhases = (
				A11BE8043076706E00BAC41D /* Sources */,
				A11BE8053076706E00BAC41D /* Frameworks */,
				A11BE8063076706E00BAC41D /* Resources */,
			);
			buildRules = (
			);
			dependencies = (
				A11BE8203076707100BAC41D /* PBXTargetDependency */,
			);
			fileSystemSynchronizedGroups = (
				A11BE80A3076706E00BAC41D /* AssignmetTestTests */,
			);
			name = AssignmetTestTests;
			productName = AssignmetTestTests;
			productReference = A11BE8083076706E00BAC41D /* AssignmetTestTests.xctest */;
			productType = "com.apple.product-type.bundle.unit-test";
		};
		B18BE8073076706E00BAC41D /* AssignmetTest */ = {
			isa = PBXNativeTarget;
			buildConfigurationList = B18BE81B3076707100BAC41D /* Build configuration list for PBXNativeTarget "AssignmetTest" */;
			buildPhases = (
				B18BE8043076706E00BAC41D /* Sources */,
				B18BE8053076706E00BAC41D /* Frameworks */,
				B18BE8063076706E00BAC41D /* Resources */,
			);
			buildRules = (
			);
			fileSystemSynchronizedGroups = (
				B18BE80A3076706E00BAC41D /* AssignmetTest */,
			);
			name = AssignmetTest;
			productName = AssignmetTest;
			productReference = B18BE8083076706E00BAC41D /* AssignmetTest.app */;
			productType = "com.apple.product-type.application";
		};
/* End PBXNativeTarget section */

/* Begin PBXProject section */
		B18BE8003076706E00BAC41D /* Project object */ = {
			isa = PBXProject;
			attributes = {
				BuildIndependentTargetsInParallel = 1;
				LastSwiftUpdateCheck = 2700;
				LastUpgradeCheck = 2700;
				TargetAttributes = {
					A11BE8073076706E00BAC41D = {
						CreatedOnToolsVersion = 27.0;
						TestTargetID = B18BE8073076706E00BAC41D;
					};
					B18BE8073076706E00BAC41D = {
						CreatedOnToolsVersion = 27.0;
					};
				};
			};
			buildConfigurationList = B18BE8033076706E00BAC41D /* Build configuration list for PBXProject "AssignmetTest" */;
			developmentRegion = en;
			hasScannedForEncodings = 0;
			knownRegions = (
				en,
				Base,
			);
			mainGroup = B18BE7FF3076706E00BAC41D;
			minimizedProjectReferenceProxies = 1;
			preferredProjectObjectVersion = 77;
			productRefGroup = B18BE8093076706E00BAC41D /* Products */;
			projectDirPath = "";
			projectRoot = "";
			targets = (
				B18BE8073076706E00BAC41D /* AssignmetTest */,
				A11BE8073076706E00BAC41D /* AssignmetTestTests */,
			);
		};
/* End PBXProject section */

/* Begin PBXResourcesBuildPhase section */
		A11BE8063076706E00BAC41D /* Resources */ = {
			isa = PBXResourcesBuildPhase;
			files = (
			);
		};
		B18BE8063076706E00BAC41D /* Resources */ = {
			isa = PBXResourcesBuildPhase;
			files = (
			);
		};
/* End PBXResourcesBuildPhase section */

/* Begin PBXSourcesBuildPhase section */
		A11BE8043076706E00BAC41D /* Sources */ = {
			isa = PBXSourcesBuildPhase;
			files = (
			);
		};
		B18BE8043076706E00BAC41D /* Sources */ = {
			isa = PBXSourcesBuildPhase;
			files = (
			);
		};
/* End PBXSourcesBuildPhase section */

/* Begin PBXTargetDependency section */
		A11BE8203076707100BAC41D /* PBXTargetDependency */ = {
			isa = PBXTargetDependency;
			target = B18BE8073076706E00BAC41D /* AssignmetTest */;
			targetProxy = A11BE8213076707100BAC41D /* PBXContainerItemProxy */;
		};
/* End PBXTargetDependency section */

/* Begin XCBuildConfiguration section */
		A11BE81C3076707100BAC41D /* Debug configuration for PBXNativeTarget "AssignmetTestTests" */ = {
			isa = XCBuildConfiguration;
			buildSettings = {
				BUNDLE_LOADER = "$(TEST_HOST)";
				CODE_SIGN_STYLE = Automatic;
				CURRENT_PROJECT_VERSION = 1;
				DEVELOPMENT_TEAM = PG7V3M5Q76;
				GENERATE_INFOPLIST_FILE = YES;
				MARKETING_VERSION = 1.0;
				PRODUCT_BUNDLE_IDENTIFIER = test.AssignmetTestTests;
				PRODUCT_NAME = "$(TARGET_NAME)";
				SWIFT_APPROACHABLE_CONCURRENCY = YES;
				SWIFT_DEFAULT_ACTOR_ISOLATION = nonisolating;
				SWIFT_EMIT_LOC_STRINGS = NO;
				SWIFT_VERSION = 5.0;
				TARGETED_DEVICE_FAMILY = "1,2";
				TEST_HOST = "$(BUILT_PRODUCTS_DIR)/AssignmetTest.app/$(BUNDLE_EXECUTABLE_FOLDER_PATH)/AssignmetTest";
			};
			name = Debug;
		};
		A11BE81D3076707100BAC41D /* Release configuration for PBXNativeTarget "AssignmetTestTests" */ = {
			isa = XCBuildConfiguration;
			buildSettings = {
				BUNDLE_LOADER = "$(TEST_HOST)";
				CODE_SIGN_STYLE = Automatic;
				CURRENT_PROJECT_VERSION = 1;
				DEVELOPMENT_TEAM = PG7V3M5Q76;
				GENERATE_INFOPLIST_FILE = YES;
				MARKETING_VERSION = 1.0;
				PRODUCT_BUNDLE_IDENTIFIER = test.AssignmetTestTests;
				PRODUCT_NAME = "$(TARGET_NAME)";
				SWIFT_APPROACHABLE_CONCURRENCY = YES;
				SWIFT_DEFAULT_ACTOR_ISOLATION = nonisolating;
				SWIFT_EMIT_LOC_STRINGS = NO;
				SWIFT_VERSION = 5.0;
				TARGETED_DEVICE_FAMILY = "1,2";
				TEST_HOST = "$(BUILT_PRODUCTS_DIR)/AssignmetTest.app/$(BUNDLE_EXECUTABLE_FOLDER_PATH)/AssignmetTest";
			};
			name = Release;
		};
		B18BE81C3076707100BAC41D /* Debug configuration for PBXNativeTarget "AssignmetTest" */ = {
			isa = XCBuildConfiguration;
			buildSettings = {
				ASSETCATALOG_COMPILER_APPICON_NAME = AppIcon;
				ASSETCATALOG_COMPILER_GLOBAL_ACCENT_COLOR_NAME = AccentColor;
				CODE_SIGN_STYLE = Automatic;
				CURRENT_PROJECT_VERSION = 1;
				DEVELOPMENT_TEAM = PG7V3M5Q76;
				GENERATE_INFOPLIST_FILE = YES;
				INFOPLIST_FILE = AssignmetTest/Info.plist;
				INFOPLIST_KEY_UIApplicationSupportsIndirectInputEvents = YES;
				INFOPLIST_KEY_UILaunchStoryboardName = LaunchScreen;
				INFOPLIST_KEY_UIMainStoryboardFile = Main;
				INFOPLIST_KEY_UISupportedInterfaceOrientations_iPad = "UIInterfaceOrientationPortrait UIInterfaceOrientationPortraitUpsideDown UIInterfaceOrientationLandscapeLeft UIInterfaceOrientationLandscapeRight";
				INFOPLIST_KEY_UISupportedInterfaceOrientations_iPhone = "UIInterfaceOrientationPortrait UIInterfaceOrientationLandscapeLeft UIInterfaceOrientationLandscapeRight";
				LD_RUNPATH_SEARCH_PATHS = (
					"$(inherited)",
					"@executable_path/Frameworks",
				);
				MARKETING_VERSION = 1.0;
				PRODUCT_BUNDLE_IDENTIFIER = test.AssignmetTest;
				PRODUCT_NAME = "$(TARGET_NAME)";
				STRING_CATALOG_GENERATE_SYMBOLS = YES;
				SWIFT_APPROACHABLE_CONCURRENCY = YES;
				SWIFT_DEFAULT_ACTOR_ISOLATION = nonisolating;
				SWIFT_EMIT_LOC_STRINGS = YES;
				SWIFT_UPCOMING_FEATURE_MEMBER_IMPORT_VISIBILITY = YES;
				SWIFT_VERSION = 5.0;
				TARGETED_DEVICE_FAMILY = "1,2";
			};
			name = Debug;
		};
		B18BE81D3076707100BAC41D /* Release configuration for PBXNativeTarget "AssignmetTest" */ = {
			isa = XCBuildConfiguration;
			buildSettings = {
				ASSETCATALOG_COMPILER_APPICON_NAME = AppIcon;
				ASSETCATALOG_COMPILER_GLOBAL_ACCENT_COLOR_NAME = AccentColor;
				CODE_SIGN_STYLE = Automatic;
				CURRENT_PROJECT_VERSION = 1;
				DEVELOPMENT_TEAM = PG7V3M5Q76;
				GENERATE_INFOPLIST_FILE = YES;
				INFOPLIST_FILE = AssignmetTest/Info.plist;
				INFOPLIST_KEY_UIApplicationSupportsIndirectInputEvents = YES;
				INFOPLIST_KEY_UILaunchStoryboardName = LaunchScreen;
				INFOPLIST_KEY_UIMainStoryboardFile = Main;
				INFOPLIST_KEY_UISupportedInterfaceOrientations_iPad = "UIInterfaceOrientationPortrait UIInterfaceOrientationPortraitUpsideDown UIInterfaceOrientationLandscapeLeft UIInterfaceOrientationLandscapeRight";
				INFOPLIST_KEY_UISupportedInterfaceOrientations_iPhone = "UIInterfaceOrientationPortrait UIInterfaceOrientationLandscapeLeft UIInterfaceOrientationLandscapeRight";
				LD_RUNPATH_SEARCH_PATHS = (
					"$(inherited)",
					"@executable_path/Frameworks",
				);
				MARKETING_VERSION = 1.0;
				PRODUCT_BUNDLE_IDENTIFIER = test.AssignmetTest;
				PRODUCT_NAME = "$(TARGET_NAME)";
				STRING_CATALOG_GENERATE_SYMBOLS = YES;
				SWIFT_APPROACHABLE_CONCURRENCY = YES;
				SWIFT_DEFAULT_ACTOR_ISOLATION = nonisolating;
				SWIFT_EMIT_LOC_STRINGS = YES;
				SWIFT_UPCOMING_FEATURE_MEMBER_IMPORT_VISIBILITY = YES;
				SWIFT_VERSION = 5.0;
				TARGETED_DEVICE_FAMILY = "1,2";
			};
			name = Release;
		};
		B18BE81E3076707100BAC41D /* Debug configuration for PBXProject "AssignmetTest" */ = {
			isa = XCBuildConfiguration;
			buildSettings = {
				ALWAYS_SEARCH_USER_PATHS = NO;
				ASSETCATALOG_COMPILER_GENERATE_SWIFT_ASSET_SYMBOL_EXTENSIONS = YES;
				CLANG_ANALYZER_NONNULL = YES;
				CLANG_ANALYZER_NUMBER_OBJECT_CONVERSION = YES_AGGRESSIVE;
				CLANG_CXX_LANGUAGE_STANDARD = "gnu++20";
				CLANG_ENABLE_MODULES = YES;
				CLANG_ENABLE_OBJC_ARC = YES;
				CLANG_ENABLE_OBJC_WEAK = YES;
				CLANG_WARN_BLOCK_CAPTURE_AUTORELEASING = YES;
				CLANG_WARN_BOOL_CONVERSION = YES;
				CLANG_WARN_COMMA = YES;
				CLANG_WARN_CONSTANT_CONVERSION = YES;
				CLANG_WARN_DEPRECATED_OBJC_IMPLEMENTATIONS = YES;
				CLANG_WARN_DIRECT_OBJC_ISA_USAGE = YES_ERROR;
				CLANG_WARN_DOCUMENTATION_COMMENTS = YES;
				CLANG_WARN_EMPTY_BODY = YES;
				CLANG_WARN_ENUM_CONVERSION = YES;
				CLANG_WARN_INFINITE_RECURSION = YES;
				CLANG_WARN_INT_CONVERSION = YES;
				CLANG_WARN_NON_LITERAL_NULL_CONVERSION = YES;
				CLANG_WARN_OBJC_IMPLICIT_RETAIN_SELF = YES;
				CLANG_WARN_OBJC_LITERAL_CONVERSION = YES;
				CLANG_WARN_OBJC_ROOT_CLASS = YES_ERROR;
				CLANG_WARN_QUOTED_INCLUDE_IN_FRAMEWORK_HEADER = YES;
				CLANG_WARN_RANGE_LOOP_ANALYSIS = YES;
				CLANG_WARN_STRICT_PROTOTYPES = YES;
				CLANG_WARN_SUSPICIOUS_MOVE = YES;
				CLANG_WARN_UNGUARDED_AVAILABILITY = YES_AGGRESSIVE;
				CLANG_WARN_UNREACHABLE_CODE = YES;
				CLANG_WARN__DUPLICATE_METHOD_MATCH = YES;
				COPY_PHASE_STRIP = NO;
				DEBUG_INFORMATION_FORMAT = dwarf;
				DEVELOPMENT_TEAM = PG7V3M5Q76;
				ENABLE_STRICT_OBJC_MSGSEND = YES;
				ENABLE_TESTABILITY = YES;
				ENABLE_USER_SCRIPT_SANDBOXING = YES;
				GCC_C_LANGUAGE_STANDARD = gnu17;
				GCC_DYNAMIC_NO_PIC = NO;
				GCC_NO_COMMON_BLOCKS = YES;
				GCC_OPTIMIZATION_LEVEL = 0;
				GCC_PREPROCESSOR_DEFINITIONS = (
					"DEBUG=1",
					"$(inherited)",
				);
				GCC_WARN_64_TO_32_BIT_CONVERSION = YES;
				GCC_WARN_ABOUT_RETURN_TYPE = YES_ERROR;
				GCC_WARN_UNDECLARED_SELECTOR = YES;
				GCC_WARN_UNINITIALIZED_AUTOS = YES_AGGRESSIVE;
				GCC_WARN_UNUSED_FUNCTION = YES;
				GCC_WARN_UNUSED_VARIABLE = YES;
				IPHONEOS_DEPLOYMENT_TARGET = 17.0;
				LOCALIZATION_PREFERS_STRING_CATALOGS = YES;
				MTL_ENABLE_DEBUG_INFO = INCLUDE_SOURCE;
				MTL_FAST_MATH = YES;
				ONLY_ACTIVE_ARCH = YES;
				SDKROOT = iphoneos;
				SWIFT_ACTIVE_COMPILATION_CONDITIONS = "DEBUG $(inherited)";
				SWIFT_OPTIMIZATION_LEVEL = "-Onone";
			};
			name = Debug;
		};
		B18BE81F3076707100BAC41D /* Release configuration for PBXProject "AssignmetTest" */ = {
			isa = XCBuildConfiguration;
			buildSettings = {
				ALWAYS_SEARCH_USER_PATHS = NO;
				ASSETCATALOG_COMPILER_GENERATE_SWIFT_ASSET_SYMBOL_EXTENSIONS = YES;
				CLANG_ANALYZER_NONNULL = YES;
				CLANG_ANALYZER_NUMBER_OBJECT_CONVERSION = YES_AGGRESSIVE;
				CLANG_CXX_LANGUAGE_STANDARD = "gnu++20";
				CLANG_ENABLE_MODULES = YES;
				CLANG_ENABLE_OBJC_ARC = YES;
				CLANG_ENABLE_OBJC_WEAK = YES;
				CLANG_WARN_BLOCK_CAPTURE_AUTORELEASING = YES;
				CLANG_WARN_BOOL_CONVERSION = YES;
				CLANG_WARN_COMMA = YES;
				CLANG_WARN_CONSTANT_CONVERSION = YES;
				CLANG_WARN_DEPRECATED_OBJC_IMPLEMENTATIONS = YES;
				CLANG_WARN_DIRECT_OBJC_ISA_USAGE = YES_ERROR;
				CLANG_WARN_DOCUMENTATION_COMMENTS = YES;
				CLANG_WARN_EMPTY_BODY = YES;
				CLANG_WARN_ENUM_CONVERSION = YES;
				CLANG_WARN_INFINITE_RECURSION = YES;
				CLANG_WARN_INT_CONVERSION = YES;
				CLANG_WARN_NON_LITERAL_NULL_CONVERSION = YES;
				CLANG_WARN_OBJC_IMPLICIT_RETAIN_SELF = YES;
				CLANG_WARN_OBJC_LITERAL_CONVERSION = YES;
				CLANG_WARN_OBJC_ROOT_CLASS = YES_ERROR;
				CLANG_WARN_QUOTED_INCLUDE_IN_FRAMEWORK_HEADER = YES;
				CLANG_WARN_RANGE_LOOP_ANALYSIS = YES;
				CLANG_WARN_STRICT_PROTOTYPES = YES;
				CLANG_WARN_SUSPICIOUS_MOVE = YES;
				CLANG_WARN_UNGUARDED_AVAILABILITY = YES_AGGRESSIVE;
				CLANG_WARN_UNREACHABLE_CODE = YES;
				CLANG_WARN__DUPLICATE_METHOD_MATCH = YES;
				COPY_PHASE_STRIP = NO;
				DEBUG_INFORMATION_FORMAT = "dwarf-with-dsym";
				DEVELOPMENT_TEAM = PG7V3M5Q76;
				ENABLE_NS_ASSERTIONS = NO;
				ENABLE_STRICT_OBJC_MSGSEND = YES;
				ENABLE_USER_SCRIPT_SANDBOXING = YES;
				GCC_C_LANGUAGE_STANDARD = gnu17;
				GCC_NO_COMMON_BLOCKS = YES;
				GCC_WARN_64_TO_32_BIT_CONVERSION = YES;
				GCC_WARN_ABOUT_RETURN_TYPE = YES_ERROR;
				GCC_WARN_UNDECLARED_SELECTOR = YES;
				GCC_WARN_UNINITIALIZED_AUTOS = YES_AGGRESSIVE;
				GCC_WARN_UNUSED_FUNCTION = YES;
				GCC_WARN_UNUSED_VARIABLE = YES;
				IPHONEOS_DEPLOYMENT_TARGET = 17.0;
				LOCALIZATION_PREFERS_STRING_CATALOGS = YES;
				MTL_ENABLE_DEBUG_INFO = NO;
				MTL_FAST_MATH = YES;
				SDKROOT = iphoneos;
				SWIFT_COMPILATION_MODE = wholemodule;
				VALIDATE_PRODUCT = YES;
			};
			name = Release;
		};
/* End XCBuildConfiguration section */

/* Begin XCConfigurationList section */
		A11BE81B3076707100BAC41D /* Build configuration list for PBXNativeTarget "AssignmetTestTests" */ = {
			isa = XCConfigurationList;
			buildConfigurations = (
				A11BE81C3076707100BAC41D /* Debug configuration for PBXNativeTarget "AssignmetTestTests" */,
				A11BE81D3076707100BAC41D /* Release configuration for PBXNativeTarget "AssignmetTestTests" */,
			);
			defaultConfigurationName = Release;
		};
		B18BE8033076706E00BAC41D /* Build configuration list for PBXProject "AssignmetTest" */ = {
			isa = XCConfigurationList;
			buildConfigurations = (
				B18BE81E3076707100BAC41D /* Debug configuration for PBXProject "AssignmetTest" */,
				B18BE81F3076707100BAC41D /* Release configuration for PBXProject "AssignmetTest" */,
			);
			defaultConfigurationName = Release;
		};
		B18BE81B3076707100BAC41D /* Build configuration list for PBXNativeTarget "AssignmetTest" */ = {
			isa = XCConfigurationList;
			buildConfigurations = (
				B18BE81C3076707100BAC41D /* Debug configuration for PBXNativeTarget "AssignmetTest" */,
				B18BE81D3076707100BAC41D /* Release configuration for PBXNativeTarget "AssignmetTest" */,
			);
			defaultConfigurationName = Release;
		};
/* End XCConfigurationList section */
	};
	rootObject = B18BE8003076706E00BAC41D /* Project object */;
	validationLevel = 1;
}
